<?xml version="1.0" encoding="utf-8"?>
<Project ToolsVersion="4.0" xmlns="http://schemas.microsoft.com/developer/msbuild/2003">
  <ItemGroup>
    <ClCompile Include="code\handmade.cpp" />
    <ClCompile Include="code\linux_handmade.cpp" />
    <ClCompile Include="code\win32_handmade.cpp" />
  </ItemGroup>
  <ItemGroup>
    <ClInclude Include="code\handmade.h" />
    <ClInclude Include="code\win32_handmade.h" />
  </ItemGroup>
</Project>